
Microsoft Visual Studio Solution File, Format Version 12.00
# Visual Studio Version 16
VisualStudioVersion = 16.0.29025.244
MinimumVisualStudioVersion = 10.0.40219.1
Project("{2150E333-8FDC-42A3-9474-1A3956D46DE8}") = "Solution Items", "Solution Items", "{C579D56E-B931-4891-ACD8-471B38B96887}"
	ProjectSection(SolutionItems) = preProject
		.gitattributes = .gitattributes
		.gitignore = .gitignore
		LICENSE = LICENSE
		Naos.Reactor.sln.DotSettings = Naos.Reactor.sln.DotSettings
		README.md = README.md
		RepoConfig.state = RepoConfig.state
	EndProjectSection
EndProject
Project("{FAE04EC0-301F-11D3-BF4B-00C04F79EFBC}") = "Naos.Reactor.Domain", "Naos.Reactor.Domain\Naos.Reactor.Domain.csproj", "{6EA73DB9-E5BB-4411-A88B-34CD6B85F3ED}"
EndProject
Project("{FAE04EC0-301F-11D3-BF4B-00C04F79EFBC}") = "Naos.Reactor.Domain.Test", "Naos.Reactor.Domain.Test\Naos.Reactor.Domain.Test.csproj", "{78073CF9-CCF7-4D7C-8D7F-FCAC49AD8F7F}"
EndProject
Project("{FAE04EC0-301F-11D3-BF4B-00C04F79EFBC}") = "Naos.Reactor.Serialization.Bson", "Naos.Reactor.Serialization.Bson\Naos.Reactor.Serialization.Bson.csproj", "{F2AFDBA2-3466-45B6-A187-4F86FEBD0E36}"
EndProject
Project("{FAE04EC0-301F-11D3-BF4B-00C04F79EFBC}") = "Naos.Reactor.Serialization.Json", "Naos.Reactor.Serialization.Json\Naos.Reactor.Serialization.Json.csproj", "{71F76AC0-1AD9-48DD-A920-164B18C45AFC}"
EndProject
Project("{FAE04EC0-301F-11D3-BF4B-00C04F79EFBC}") = "Naos.Reactor.Protocol", "Naos.Reactor.Protocol\Naos.Reactor.Protocol.csproj", "{887EB78D-E5B7-44C4-AA8A-0203DAB082A6}"
EndProject
Project("{FAE04EC0-301F-11D3-BF4B-00C04F79EFBC}") = "Naos.Reactor.Protocol.Test", "Naos.Reactor.Protocol.Test\Naos.Reactor.Protocol.Test.csproj", "{53996B92-2AA3-4978-BB40-F1B29CACAD1E}"
EndProject
Global
	GlobalSection(SolutionConfigurationPlatforms) = preSolution
		Debug|Any CPU = Debug|Any CPU
		Release|Any CPU = Release|Any CPU
	EndGlobalSection
	GlobalSection(ProjectConfigurationPlatforms) = postSolution
		{6EA73DB9-E5BB-4411-A88B-34CD6B85F3ED}.Debug|Any CPU.ActiveCfg = Debug|Any CPU
		{6EA73DB9-E5BB-4411-A88B-34CD6B85F3ED}.Debug|Any CPU.Build.0 = Debug|Any CPU
		{6EA73DB9-E5BB-4411-A88B-34CD6B85F3ED}.Release|Any CPU.ActiveCfg = Release|Any CPU
		{6EA73DB9-E5BB-4411-A88B-34CD6B85F3ED}.Release|Any CPU.Build.0 = Release|Any CPU
		{78073CF9-CCF7-4D7C-8D7F-FCAC49AD8F7F}.Debug|Any CPU.ActiveCfg = Debug|Any CPU
		{78073CF9-CCF7-4D7C-8D7F-FCAC49AD8F7F}.Debug|Any CPU.Build.0 = Debug|Any CPU
		{78073CF9-CCF7-4D7C-8D7F-FCAC49AD8F7F}.Release|Any CPU.ActiveCfg = Release|Any CPU
		{78073CF9-CCF7-4D7C-8D7F-FCAC49AD8F7F}.Release|Any CPU.Build.0 = Release|Any CPU
		{F2AFDBA2-3466-45B6-A187-4F86FEBD0E36}.Debug|Any CPU.ActiveCfg = Debug|Any CPU
		{F2AFDBA2-3466-45B6-A187-4F86FEBD0E36}.Debug|Any CPU.Build.0 = Debug|Any CPU
		{F2AFDBA2-3466-45B6-A187-4F86FEBD0E36}.Release|Any CPU.ActiveCfg = Release|Any CPU
		{F2AFDBA2-3466-45B6-A187-4F86FEBD0E36}.Release|Any CPU.Build.0 = Release|Any CPU
		{71F76AC0-1AD9-48DD-A920-164B18C45AFC}.Debug|Any CPU.ActiveCfg = Debug|Any CPU
		{71F76AC0-1AD9-48DD-A920-164B18C45AFC}.Debug|Any CPU.Build.0 = Debug|Any CPU
		{71F76AC0-1AD9-48DD-A920-164B18C45AFC}.Release|Any CPU.ActiveCfg = Release|Any CPU
		{71F76AC0-1AD9-48DD-A920-164B18C45AFC}.Release|Any CPU.Build.0 = Release|Any CPU
		{887EB78D-E5B7-44C4-AA8A-0203DAB082A6}.Debug|Any CPU.ActiveCfg = Debug|Any CPU
		{887EB78D-E5B7-44C4-AA8A-0203DAB082A6}.Debug|Any CPU.Build.0 = Debug|Any CPU
		{887EB78D-E5B7-44C4-AA8A-0203DAB082A6}.Release|Any CPU.ActiveCfg = Release|Any CPU
		{887EB78D-E5B7-44C4-AA8A-0203DAB082A6}.Release|Any CPU.Build.0 = Release|Any CPU
		{53996B92-2AA3-4978-BB40-F1B29CACAD1E}.Debug|Any CPU.ActiveCfg = Debug|Any CPU
		{53996B92-2AA3-4978-BB40-F1B29CACAD1E}.Debug|Any CPU.Build.0 = Debug|Any CPU
		{53996B92-2AA3-4978-BB40-F1B29CACAD1E}.Release|Any CPU.ActiveCfg = Release|Any CPU
		{53996B92-2AA3-4978-BB40-F1B29CACAD1E}.Release|Any CPU.Build.0 = Release|Any CPU
	EndGlobalSection
	GlobalSection(SolutionProperties) = preSolution
		HideSolutionNode = FALSE
	EndGlobalSection
	GlobalSection(ExtensibilityGlobals) = postSolution
		SolutionGuid = {7C486189-B0E6-49BB-B26C-72BF33C7EBDC}
	EndGlobalSection
EndGlobal
